
Microsoft Visual Studio Solution File, Format Version 12.00
# Visual Studio Version 17
VisualStudioVersion = 17.14.36811.4 d17.14
MinimumVisualStudioVersion = 10.0.40219.1
Project("{FAE04EC0-301F-11D3-BF4B-00C04F79EFBC}") = "GarageLogic", "GarageLogic\GarageLogic.csproj", "{507F361A-168C-426F-B6F1-EE57AE5973AB}"
EndProject
Project("{FAE04EC0-301F-11D3-BF4B-00C04F79EFBC}") = "ConsoleUI", "ConsoleUI\ConsoleUI.csproj", "{3B5166D0-3794-423F-AF46-0C171627E69C}"
EndProject
Global
	GlobalSection(SolutionConfigurationPlatforms) = preSolution
		Debug|Any CPU = Debug|Any CPU
		Release|Any CPU = Release|Any CPU
	EndGlobalSection
	GlobalSection(ProjectConfigurationPlatforms) = postSolution
		{507F361A-168C-426F-B6F1-EE57AE5973AB}.Debug|Any CPU.ActiveCfg = Debug|Any CPU
		{507F361A-168C-426F-B6F1-EE57AE5973AB}.Debug|Any CPU.Build.0 = Debug|Any CPU
		{507F361A-168C-426F-B6F1-EE57AE5973AB}.Release|Any CPU.ActiveCfg = Release|Any CPU
		{507F361A-168C-426F-B6F1-EE57AE5973AB}.Release|Any CPU.Build.0 = Release|Any CPU
		{3B5166D0-3794-423F-AF46-0C171627E69C}.Debug|Any CPU.ActiveCfg = Debug|Any CPU
		{3B5166D0-3794-423F-AF46-0C171627E69C}.Debug|Any CPU.Build.0 = Debug|Any CPU
		{3B5166D0-3794-423F-AF46-0C171627E69C}.Release|Any CPU.ActiveCfg = Release|Any CPU
		{3B5166D0-3794-423F-AF46-0C171627E69C}.Release|Any CPU.Build.0 = Release|Any CPU
	EndGlobalSection
	GlobalSection(SolutionProperties) = preSolution
		HideSolutionNode = FALSE
	EndGlobalSection
	GlobalSection(ExtensibilityGlobals) = postSolution
		SolutionGuid = {4B55FD41-E26D-43D5-B60E-A8742BC356CC}
	EndGlobalSection
EndGlobal
